// !$*UTF8*$!
{
	archiveVersion = 1;
	classes = {
	};
	objectVersion = 48;
	objects = {

/* Begin PBXBuildFile section */
		90211C9B2060A1C3005FA3F5 /* Constants.swift in Sources */ = {isa = PBXBuildFile; fileRef = 90211C9A2060A1C3005FA3F5 /* Constants.swift */; };
		90211C9D2060A5BB005FA3F5 /* WebserviceHandler.swift in Sources */ = {isa = PBXBuildFile; fileRef = 90211C9C2060A5BB005FA3F5 /* WebserviceHandler.swift */; };
		90211C9F2060C87C005FA3F5 /* LocationViewController.swift in Sources */ = {isa = PBXBuildFile; fileRef = 90211C9E2060C87C005FA3F5 /* LocationViewController.swift */; };
		909623462060423100249D3B /* AppDelegate.swift in Sources */ = {isa = PBXBuildFile; fileRef = 909623452060423100249D3B /* AppDelegate.swift */; };
		909623482060423100249D3B /* ViewController.swift in Sources */ = {isa = PBXBuildFile; fileRef = 909623472060423100249D3B /* ViewController.swift */; };
		9096234B2060423100249D3B /* Main.storyboard in Resources */ = {isa = PBXBuildFile; fileRef = 909623492060423100249D3B /* Main.storyboard */; };
		9096234D2060423100249D3B /* Assets.xcassets in Resources */ = {isa = PBXBuildFile; fileRef = 9096234C2060423100249D3B /* Assets.xcassets */; };
		909623502060423100249D3B /* LaunchScreen.storyboard in Resources */ = {isa = PBXBuildFile; fileRef = 9096234E2060423100249D3B /* LaunchScreen.storyboard */; };
		9096235B2060423200249D3B /* APIFourSquareTests.swift in Sources */ = {isa = PBXBuildFile; fileRef = 9096235A2060423200249D3B /* APIFourSquareTests.swift */; };
		909623662060423200249D3B /* APIFourSquareUITests.swift in Sources */ = {isa = PBXBuildFile; fileRef = 909623652060423200249D3B /* APIFourSquareUITests.swift */; };
		909623742060425900249D3B /* Model.swift in Sources */ = {isa = PBXBuildFile; fileRef = 909623732060425900249D3B /* Model.swift */; };
/* End PBXBuildFile section */

/* Begin PBXContainerItemProxy section */
		909623572060423200249D3B /* PBXContainerItemProxy */ = {
			isa = PBXContainerItemProxy;
			containerPortal = 9096233A2060423100249D3B /* Project object */;
			proxyType = 1;
			remoteGlobalIDString = 909623412060423100249D3B;
			remoteInfo = APIFourSquare;
		};
		909623622060423200249D3B /* PBXContainerItemProxy */ = {
			isa = PBXContainerItemProxy;
			containerPortal = 9096233A2060423100249D3B /* Project object */;
			proxyType = 1;
			remoteGlobalIDString = 909623412060423100249D3B;
			remoteInfo = APIFourSquare;
		};
/* End PBXContainerItemProxy section */

/* Begin PBXFileReference section */
		90211C9A2060A1C3005FA3F5 /* Constants.swift */ = {isa = PBXFileReference; lastKnownFileType = sourcecode.swift; path = Constants.swift; sourceTree = "<group>"; };
		90211C9C2060A5BB005FA3F5 /* WebserviceHandler.swift */ = {isa = PBXFileReference; lastKnownFileType = sourcecode.swift; path = WebserviceHandler.swift; sourceTree = "<group>"; };
		90211C9E2060C87C005FA3F5 /* LocationViewController.swift */ = {isa = PBXFileReference; lastKnownFileType = sourcecode.swift; path = LocationViewController.swift; sourceTree = "<group>"; };
		909623422060423100249D3B /* APIFourSquare.app */ = {isa = PBXFileReference; explicitFileType = wrapper.application; includeInIndex = 0; path = APIFourSquare.app; sourceTree = BUILT_PRODUCTS_DIR; };
		909623452060423100249D3B /* AppDelegate.swift */ = {isa = PBXFileReference; lastKnownFileType = sourcecode.swift; path = AppDelegate.swift; sourceTree = "<group>"; };
		909623472060423100249D3B /* ViewController.swift */ = {isa = PBXFileReference; lastKnownFileType = sourcecode.swift; path = ViewController.swift; sourceTree = "<group>"; };
		9096234A2060423100249D3B /* Base */ = {isa = PBXFileReference; lastKnownFileType = file.storyboard; name = Base; path = Base.lproj/Main.storyboard; sourceTree = "<group>"; };
		9096234C2060423100249D3B /* Assets.xcassets */ = {isa = PBXFileReference; lastKnownFileType = folder.assetcatalog; path = Assets.xcassets; sourceTree = "<group>"; };
		9096234F2060423100249D3B /* Base */ = {isa = PBXFileReference; lastKnownFileType = file.storyboard; name = Base; path = Base.lproj/LaunchScreen.storyboard; sourceTree = "<group>"; };
		909623512060423200249D3B /* Info.plist */ = {isa = PBXFileReference; lastKnownFileType = text.plist.xml; path = Info.plist; sourceTree = "<group>"; };
		909623562060423200249D3B /* APIFourSquareTests.xctest */ = {isa = PBXFileReference; explicitFileType = wrapper.cfbundle; includeInIndex = 0; path = APIFourSquareTests.xctest; sourceTree = BUILT_PRODUCTS_DIR; };
		9096235A2060423200249D3B /* APIFourSquareTests.swift */ = {isa = PBXFileReference; lastKnownFileType = sourcecode.swift; path = APIFourSquareTests.swift; sourceTree = "<group>"; };
		9096235C2060423200249D3B /* Info.plist */ = {isa = PBXFileReference; lastKnownFileType = text.plist.xml; path = Info.plist; sourceTree = "<group>"; };
		909623612060423200249D3B /* APIFourSquareUITests.xctest */ = {isa = PBXFileReference; explicitFileType = wrapper.cfbundle; includeInIndex = 0; path = APIFourSquareUITests.xctest; sourceTree = BUILT_PRODUCTS_DIR; };
		909623652060423200249D3B /* APIFourSquareUITests.swift */ = {isa = PBXFileReference; lastKnownFileType = sourcecode.swift; path = APIFourSquareUITests.swift; sourceTree = "<group>"; };
		909623672060423200249D3B /* Info.plist */ = {isa = PBXFileReference; lastKnownFileType = text.plist.xml; path = Info.plist; sourceTree = "<group>"; };
		909623732060425900249D3B /* Model.swift */ = {isa = PBXFileReference; lastKnownFileType = sourcecode.swift; path = Model.swift; sourceTree = "<group>"; wrapsLines = 0; };
/* End PBXFileReference section */

/* Begin PBXFrameworksBuildPhase section */
		9096233F2060423100249D3B /* Frameworks */ = {
			isa = PBXFrameworksBuildPhase;
			buildActionMask = 2147483647;
			files = (
			);
			runOnlyForDeploymentPostprocessing = 0;
		};
		909623532060423200249D3B /* Frameworks */ = {
			isa = PBXFrameworksBuildPhase;
			buildActionMask = 2147483647;
			files = (
			);
			runOnlyForDeploymentPostprocessing = 0;
		};
		9096235E2060423200249D3B /* Frameworks */ = {
			isa = PBXFrameworksBuildPhase;
			buildActionMask = 2147483647;
			files = (
			);
			runOnlyForDeploymentPostprocessing = 0;
		};
/* End PBXFrameworksBuildPhase section */

/* Begin PBXGroup section */
		909623392060423100249D3B = {
			isa = PBXGroup;
			children = (
				909623442060423100249D3B /* APIFourSquare */,
				909623592060423200249D3B /* APIFourSquareTests */,
				909623642060423200249D3B /* APIFourSquareUITests */,
				909623432060423100249D3B /* Products */,
			);
			sourceTree = "<group>";
		};
		909623432060423100249D3B /* Products */ = {
			isa = PBXGroup;
			children = (
				909623422060423100249D3B /* APIFourSquare.app */,
				909623562060423200249D3B /* APIFourSquareTests.xctest */,
				909623612060423200249D3B /* APIFourSquareUITests.xctest */,
			);
			name = Products;
			sourceTree = "<group>";
		};
		909623442060423100249D3B /* APIFourSquare */ = {
			isa = PBXGroup;
			children = (
				909623452060423100249D3B /* AppDelegate.swift */,
				909623472060423100249D3B /* ViewController.swift */,
				90211C9E2060C87C005FA3F5 /* LocationViewController.swift */,
				909623492060423100249D3B /* Main.storyboard */,
				9096234C2060423100249D3B /* Assets.xcassets */,
				9096234E2060423100249D3B /* LaunchScreen.storyboard */,
				909623512060423200249D3B /* Info.plist */,
				909623732060425900249D3B /* Model.swift */,
				90211C9A2060A1C3005FA3F5 /* Constants.swift */,
				90211C9C2060A5BB005FA3F5 /* WebserviceHandler.swift */,
			);
			path = APIFourSquare;
			sourceTree = "<group>";
		};
		909623592060423200249D3B /* APIFourSquareTests */ = {
			isa = PBXGroup;
			children = (
				9096235A2060423200249D3B /* APIFourSquareTests.swift */,
				9096235C2060423200249D3B /* Info.plist */,
			);
			path = APIFourSquareTests;
			sourceTree = "<group>";
		};
		909623642060423200249D3B /* APIFourSquareUITests */ = {
			isa = PBXGroup;
			children = (
				909623652060423200249D3B /* APIFourSquareUITests.swift */,
				909623672060423200249D3B /* Info.plist */,
			);
			path = APIFourSquareUITests;
			sourceTree = "<group>";
		};
/* End PBXGroup section */

/* Begin PBXNativeTarget section */
		909623412060423100249D3B /* APIFourSquare */ = {
			isa = PBXNativeTarget;
			buildConfigurationList = 9096236A2060423200249D3B /* Build configuration list for PBXNativeTarget "APIFourSquare" */;
			buildPhases = (
				9096233E2060423100249D3B /* Sources */,
				9096233F2060423100249D3B /* Frameworks */,
				909623402060423100249D3B /* Resources */,
			);
			buildRules = (
			);
			dependencies = (
			);
			name = APIFourSquare;
			productName = APIFourSquare;
			productReference = 909623422060423100249D3B /* APIFourSquare.app */;
			productType = "com.apple.product-type.application";
		};
		909623552060423200249D3B /* APIFourSquareTests */ = {
			isa = PBXNativeTarget;
			buildConfigurationList = 9096236D2060423200249D3B /* Build configuration list for PBXNativeTarget "APIFourSquareTests" */;
			buildPhases = (
				909623522060423200249D3B /* Sources */,
				909623532060423200249D3B /* Frameworks */,
				909623542060423200249D3B /* Resources */,
			);
			buildRules = (
			);
			dependencies = (
				909623582060423200249D3B /* PBXTargetDependency */,
			);
			name = APIFourSquareTests;
			productName = APIFourSquareTests;
			productReference = 909623562060423200249D3B /* APIFourSquareTests.xctest */;
			productType = "com.apple.product-type.bundle.unit-test";
		};
		909623602060423200249D3B /* APIFourSquareUITests */ = {
			isa = PBXNativeTarget;
			buildConfigurationList = 909623702060423200249D3B /* Build configuration list for PBXNativeTarget "APIFourSquareUITests" */;
			buildPhases = (
				9096235D2060423200249D3B /* Sources */,
				9096235E2060423200249D3B /* Frameworks */,
				9096235F2060423200249D3B /* Resources */,
			);
			buildRules = (
			);
			dependencies = (
				909623632060423200249D3B /* PBXTargetDependency */,
			);
			name = APIFourSquareUITests;
			productName = APIFourSquareUITests;
			productReference = 909623612060423200249D3B /* APIFourSquareUITests.xctest */;
			productType = "com.apple.product-type.bundle.ui-testing";
		};
/* End PBXNativeTarget section */

/* Begin PBXProject section */
		9096233A2060423100249D3B /* Project object */ = {
			isa = PBXProject;
			attributes = {
				LastSwiftUpdateCheck = 0920;
				LastUpgradeCheck = 0920;
				ORGANIZATIONNAME = "Viren Patel";
				TargetAttributes = {
					909623412060423100249D3B = {
						CreatedOnToolsVersion = 9.2;
						ProvisioningStyle = Automatic;
					};
					909623552060423200249D3B = {
						CreatedOnToolsVersion = 9.2;
						ProvisioningStyle = Automatic;
						TestTargetID = 909623412060423100249D3B;
					};
					909623602060423200249D3B = {
						CreatedOnToolsVersion = 9.2;
						ProvisioningStyle = Automatic;
						TestTargetID = 909623412060423100249D3B;
					};
				};
			};
			buildConfigurationList = 9096233D2060423100249D3B /* Build configuration list for PBXProject "APIFourSquare" */;
			compatibilityVersion = "Xcode 8.0";
			developmentRegion = en;
			hasScannedForEncodings = 0;
			knownRegions = (
				en,
				Base,
			);
			mainGroup = 909623392060423100249D3B;
			productRefGroup = 909623432060423100249D3B /* Products */;
			projectDirPath = "";
			projectRoot = "";
			targets = (
				909623412060423100249D3B /* APIFourSquare */,
				909623552060423200249D3B /* APIFourSquareTests */,
				909623602060423200249D3B /* APIFourSquareUITests */,
			);
		};
/* End PBXProject section */

/* Begin PBXResourcesBuildPhase section */
		909623402060423100249D3B /* Resources */ = {
			isa = PBXResourcesBuildPhase;
			buildActionMask = 2147483647;
			files = (
				909623502060423100249D3B /* LaunchScreen.storyboard in Resources */,
				9096234D2060423100249D3B /* Assets.xcassets in Resources */,
				9096234B2060423100249D3B /* Main.storyboard in Resources */,
			);
			runOnlyForDeploymentPostprocessing = 0;
		};
		909623542060423200249D3B /* Resources */ = {
			isa = PBXResourcesBuildPhase;
			buildActionMask = 2147483647;
			files = (
			);
			runOnlyForDeploymentPostprocessing = 0;
		};
		9096235F2060423200249D3B /* Resources */ = {
			isa = PBXResourcesBuildPhase;
			buildActionMask = 2147483647;
			files = (
			);
			runOnlyForDeploymentPostprocessing = 0;
		};
/* End PBXResourcesBuildPhase section */

/* Begin PBXSourcesBuildPhase section */
		9096233E2060423100249D3B /* Sources */ = {
			isa = PBXSourcesBuildPhase;
			buildActionMask = 2147483647;
			files = (
				909623742060425900249D3B /* Model.swift in Sources */,
				909623482060423100249D3B /* ViewController.swift in Sources */,
				909623462060423100249D3B /* AppDelegate.swift in Sources */,
				90211C9F2060C87C005FA3F5 /* LocationViewController.swift in Sources */,
				90211C9D2060A5BB005FA3F5 /* WebserviceHandler.swift in Sources */,
				90211C9B2060A1C3005FA3F5 /* Constants.swift in Sources */,
			);
			runOnlyForDeploymentPostprocessing = 0;
		};
		909623522060423200249D3B /* Sources */ = {
			isa = PBXSourcesBuildPhase;
			buildActionMask = 2147483647;
			files = (
				9096235B2060423200249D3B /* APIFourSquareTests.swift in Sources */,
			);
			runOnlyForDeploymentPostprocessing = 0;
		};
		9096235D2060423200249D3B /* Sources */ = {
			isa = PBXSourcesBuildPhase;
			buildActionMask = 2147483647;
			files = (
				909623662060423200249D3B /* APIFourSquareUITests.swift in Sources */,
			);
			runOnlyForDeploymentPostprocessing = 0;
		};
/* End PBXSourcesBuildPhase section */

/* Begin PBXTargetDependency section */
		909623582060423200249D3B /* PBXTargetDependency */ = {
			isa = PBXTargetDependency;
			target = 909623412060423100249D3B /* APIFourSquare */;
			targetProxy = 909623572060423200249D3B /* PBXContainerItemProxy */;
		};
		909623632060423200249D3B /* PBXTargetDependency */ = {
			isa = PBXTargetDependency;
			target = 909623412060423100249D3B /* APIFourSquare */;
			targetProxy = 909623622060423200249D3B /* PBXContainerItemProxy */;
		};
/* End PBXTargetDependency section */

/* Begin PBXVariantGroup section */
		909623492060423100249D3B /* Main.storyboard */ = {
			isa = PBXVariantGroup;
			children = (
				9096234A2060423100249D3B /* Base */,
			);
			name = Main.storyboard;
			sourceTree = "<group>";
		};
		9096234E2060423100249D3B /* LaunchScreen.storyboard */ = {
			isa = PBXVariantGroup;
			children = (
				9096234F2060423100249D3B /* Base */,
			);
			name = LaunchScreen.storyboard;
			sourceTree = "<group>";
		};
/* End PBXVariantGroup section */

/* Begin XCBuildConfiguration section */
		909623682060423200249D3B /* Debug */ = {
			isa = XCBuildConfiguration;
			buildSettings = {
				ALWAYS_SEARCH_USER_PATHS = NO;
				CLANG_ANALYZER_NONNULL = YES;
				CLANG_ANALYZER_NUMBER_OBJECT_CONVERSION = YES_AGGRESSIVE;
				CLANG_CXX_LANGUAGE_STANDARD = "gnu++14";
				CLANG_CXX_LIBRARY = "libc++";
				CLANG_ENABLE_MODULES = YES;
				CLANG_ENABLE_OBJC_ARC = YES;
				CLANG_WARN_BLOCK_CAPTURE_AUTORELEASING = YES;
				CLANG_WARN_BOOL_CONVERSION = YES;
				CLANG_WARN_COMMA = YES;
				CLANG_WARN_CONSTANT_CONVERSION = YES;
				CLANG_WARN_DIRECT_OBJC_ISA_USAGE = YES_ERROR;
				CLANG_WARN_DOCUMENTATION_COMMENTS = YES;
				CLANG_WARN_EMPTY_BODY = YES;
				CLANG_WARN_ENUM_CONVERSION = YES;
				CLANG_WARN_INFINITE_RECURSION = YES;
				CLANG_WARN_INT_CONVERSION = YES;
				CLANG_WARN_NON_LITERAL_NULL_CONVERSION = YES;
				CLANG_WARN_OBJC_LITERAL_CONVERSION = YES;
				CLANG_WARN_OBJC_ROOT_CLASS = YES_ERROR;
				CLANG_WARN_RANGE_LOOP_ANALYSIS = YES;
				CLANG_WARN_STRICT_PROTOTYPES = YES;
				CLANG_WARN_SUSPICIOUS_MOVE = YES;
				CLANG_WARN_UNGUARDED_AVAILABILITY = YES_AGGRESSIVE;
				CLANG_WARN_UNREACHABLE_CODE = YES;
				CLANG_WARN__DUPLICATE_METHOD_MATCH = YES;
				CODE_SIGN_IDENTITY = "iPhone Developer";
				COPY_PHASE_STRIP = NO;
				DEBUG_INFORMATION_FORMAT = dwarf;
				ENABLE_STRICT_OBJC_MSGSEND = YES;
				ENABLE_TESTABILITY = YES;
				GCC_C_LANGUAGE_STANDARD = gnu11;
				GCC_DYNAMIC_NO_PIC = NO;
				GCC_NO_COMMON_BLOCKS = YES;
				GCC_OPTIMIZATION_LEVEL = 0;
				GCC_PREPROCESSOR_DEFINITIONS = (
					"DEBUG=1",
					"$(inherited)",
				);
				GCC_WARN_64_TO_32_BIT_CONVERSION = YES;
				GCC_WARN_ABOUT_RETURN_TYPE = YES_ERROR;
				GCC_WARN_UNDECLARED_SELECTOR = YES;
				GCC_WARN_UNINITIALIZED_AUTOS = YES_AGGRESSIVE;
				GCC_WARN_UNUSED_FUNCTION = YES;
				GCC_WARN_UNUSED_VARIABLE = YES;
				IPHONEOS_DEPLOYMENT_TARGET = 11.2;
				MTL_ENABLE_DEBUG_INFO = YES;
				ONLY_ACTIVE_ARCH = YES;
				SDKROOT = iphoneos;
				SWIFT_ACTIVE_COMPILATION_CONDITIONS = DEBUG;
				SWIFT_OPTIMIZATION_LEVEL = "-Onone";
			};
			name = Debug;
		};
		909623692060423200249D3B /* Release */ = {
			isa = XCBuildConfiguration;
			buildSettings = {
				ALWAYS_SEARCH_USER_PATHS = NO;
				CLANG_ANALYZER_NONNULL = YES;
				CLANG_ANALYZER_NUMBER_OBJECT_CONVERSION = YES_AGGRESSIVE;
				CLANG_CXX_LANGUAGE_STANDARD = "gnu++14";
				CLANG_CXX_LIBRARY = "libc++";
				CLANG_ENABLE_MODULES = YES;
				CLANG_ENABLE_OBJC_ARC = YES;
				CLANG_WARN_BLOCK_CAPTURE_AUTORELEASING = YES;
				CLANG_WARN_BOOL_CONVERSION = YES;
				CLANG_WARN_COMMA = YES;
				CLANG_WARN_CONSTANT_CONVERSION = YES;
				CLANG_WARN_DIRECT_OBJC_ISA_USAGE = YES_ERROR;
				CLANG_WARN_DOCUMENTATION_COMMENTS = YES;
				CLANG_WARN_EMPTY_BODY = YES;
				CLANG_WARN_ENUM_CONVERSION = YES;
				CLANG_WARN_INFINITE_RECURSION = YES;
				CLANG_WARN_INT_CONVERSION = YES;
				CLANG_WARN_NON_LITERAL_NULL_CONVERSION = YES;
				CLANG_WARN_OBJC_LITERAL_CONVERSION = YES;
				CLANG_WARN_OBJC_ROOT_CLASS = YES_ERROR;
				CLANG_WARN_RANGE_LOOP_ANALYSIS = YES;
				CLANG_WARN_STRICT_PROTOTYPES = YES;
				CLANG_WARN_SUSPICIOUS_MOVE = YES;
				CLANG_WARN_UNGUARDED_AVAILABILITY = YES_AGGRESSIVE;
				CLANG_WARN_UNREACHABLE_CODE = YES;
				CLANG_WARN__DUPLICATE_METHOD_MATCH = YES;
				CODE_SIGN_IDENTITY = "iPhone Developer";
				COPY_PHASE_STRIP = NO;
				DEBUG_INFORMATION_FORMAT = "dwarf-with-dsym";
				ENABLE_NS_ASSERTIONS = NO;
				ENABLE_STRICT_OBJC_MSGSEND = YES;
				GCC_C_LANGUAGE_STANDARD = gnu11;
				GCC_NO_COMMON_BLOCKS = YES;
				GCC_WARN_64_TO_32_BIT_CONVERSION = YES;
				GCC_WARN_ABOUT_RETURN_TYPE = YES_ERROR;
				GCC_WARN_UNDECLARED_SELECTOR = YES;
				GCC_WARN_UNINITIALIZED_AUTOS = YES_AGGRESSIVE;
				GCC_WARN_UNUSED_FUNCTION = YES;
				GCC_WARN_UNUSED_VARIABLE = YES;
				IPHONEOS_DEPLOYMENT_TARGET = 11.2;
				MTL_ENABLE_DEBUG_INFO = NO;
				SDKROOT = iphoneos;
				SWIFT_OPTIMIZATION_LEVEL = "-Owholemodule";
				VALIDATE_PRODUCT = YES;
			};
			name = Release;
		};
		9096236B2060423200249D3B /* Debug */ = {
			isa = XCBuildConfiguration;
			buildSettings = {
				ASSETCATALOG_COMPILER_APPICON_NAME = AppIcon;
				CODE_SIGN_STYLE = Automatic;
				INFOPLIST_FILE = APIFourSquare/Info.plist;
				LD_RUNPATH_SEARCH_PATHS = "$(inherited) @executable_path/Frameworks";
				PRODUCT_BUNDLE_IDENTIFIER = "Viren-Patel.APIFourSquare";
				PRODUCT_NAME = "$(TARGET_NAME)";
				SWIFT_VERSION = 4.0;
				TARGETED_DEVICE_FAMILY = "1,2";
			};
			name = Debug;
		};
		9096236C2060423200249D3B /* Release */ = {
			isa = XCBuildConfiguration;
			buildSettings = {
				ASSETCATALOG_COMPILER_APPICON_NAME = AppIcon;
				CODE_SIGN_STYLE = Automatic;
				INFOPLIST_FILE = APIFourSquare/Info.plist;
				LD_RUNPATH_SEARCH_PATHS = "$(inherited) @executable_path/Frameworks";
				PRODUCT_BUNDLE_IDENTIFIER = "Viren-Patel.APIFourSquare";
				PRODUCT_NAME = "$(TARGET_NAME)";
				SWIFT_VERSION = 4.0;
				TARGETED_DEVICE_FAMILY = "1,2";
			};
			name = Release;
		};
		9096236E2060423200249D3B /* Debug */ = {
			isa = XCBuildConfiguration;
			buildSettings = {
				ALWAYS_EMBED_SWIFT_STANDARD_LIBRARIES = YES;
				BUNDLE_LOADER = "$(TEST_HOST)";
				CODE_SIGN_STYLE = Automatic;
				INFOPLIST_FILE = APIFourSquareTests/Info.plist;
				LD_RUNPATH_SEARCH_PATHS = "$(inherited) @executable_path/Frameworks @loader_path/Frameworks";
				PRODUCT_BUNDLE_IDENTIFIER = "Viren-Patel.APIFourSquareTests";
				PRODUCT_NAME = "$(TARGET_NAME)";
				SWIFT_VERSION = 4.0;
				TARGETED_DEVICE_FAMILY = "1,2";
				TEST_HOST = "$(BUILT_PRODUCTS_DIR)/APIFourSquare.app/APIFourSquare";
			};
			name = Debug;
		};
		9096236F2060423200249D3B /* Release */ = {
			isa = XCBuildConfiguration;
			buildSettings = {
				ALWAYS_EMBED_SWIFT_STANDARD_LIBRARIES = YES;
				BUNDLE_LOADER = "$(TEST_HOST)";
				CODE_SIGN_STYLE = Automatic;
				INFOPLIST_FILE = APIFourSquareTests/Info.plist;
				LD_RUNPATH_SEARCH_PATHS = "$(inherited) @executable_path/Frameworks @loader_path/Frameworks";
				PRODUCT_BUNDLE_IDENTIFIER = "Viren-Patel.APIFourSquareTests";
				PRODUCT_NAME = "$(TARGET_NAME)";
				SWIFT_VERSION = 4.0;
				TARGETED_DEVICE_FAMILY = "1,2";
				TEST_HOST = "$(BUILT_PRODUCTS_DIR)/APIFourSquare.app/APIFourSquare";
			};
			name = Release;
		};
		909623712060423200249D3B /* Debug */ = {
			isa = XCBuildConfiguration;
			buildSettings = {
				ALWAYS_EMBED_SWIFT_STANDARD_LIBRARIES = YES;
				CODE_SIGN_STYLE = Automatic;
				INFOPLIST_FILE = APIFourSquareUITests/Info.plist;
				LD_RUNPATH_SEARCH_PATHS = "$(inherited) @executable_path/Frameworks @loader_path/Frameworks";
				PRODUCT_BUNDLE_IDENTIFIER = "Viren-Patel.APIFourSquareUITests";
				PRODUCT_NAME = "$(TARGET_NAME)";
				SWIFT_VERSION = 4.0;
				TARGETED_DEVICE_FAMILY = "1,2";
				TEST_TARGET_NAME = APIFourSquare;
			};
			name = Debug;
		};
		909623722060423200249D3B /* Release */ = {
			isa = XCBuildConfiguration;
			buildSettings = {
				ALWAYS_EMBED_SWIFT_STANDARD_LIBRARIES = YES;
				CODE_SIGN_STYLE = Automatic;
				INFOPLIST_FILE = APIFourSquareUITests/Info.plist;
				LD_RUNPATH_SEARCH_PATHS = "$(inherited) @executable_path/Frameworks @loader_path/Frameworks";
				PRODUCT_BUNDLE_IDENTIFIER = "Viren-Patel.APIFourSquareUITests";
				PRODUCT_NAME = "$(TARGET_NAME)";
				SWIFT_VERSION = 4.0;
				TARGETED_DEVICE_FAMILY = "1,2";
				TEST_TARGET_NAME = APIFourSquare;
			};
			name = Release;
		};
/* End XCBuildConfiguration section */

/* Begin XCConfigurationList section */
		9096233D2060423100249D3B /* Build configuration list for PBXProject "APIFourSquare" */ = {
			isa = XCConfigurationList;
			buildConfigurations = (
				909623682060423200249D3B /* Debug */,
				909623692060423200249D3B /* Release */,
			);
			defaultConfigurationIsVisible = 0;
			defaultConfigurationName = Release;
		};
		9096236A2060423200249D3B /* Build configuration list for PBXNativeTarget "APIFourSquare" */ = {
			isa = XCConfigurationList;
			buildConfigurations = (
				9096236B2060423200249D3B /* Debug */,
				9096236C2060423200249D3B /* Release */,
			);
			defaultConfigurationIsVisible = 0;
			defaultConfigurationName = Release;
		};
		9096236D2060423200249D3B /* Build configuration list for PBXNativeTarget "APIFourSquareTests" */ = {
			isa = XCConfigurationList;
			buildConfigurations = (
				9096236E2060423200249D3B /* Debug */,
				9096236F2060423200249D3B /* Release */,
			);
			defaultConfigurationIsVisible = 0;
			defaultConfigurationName = Release;
		};
		909623702060423200249D3B /* Build configuration list for PBXNativeTarget "APIFourSquareUITests" */ = {
			isa = XCConfigurationList;
			buildConfigurations = (
				909623712060423200249D3B /* Debug */,
				909623722060423200249D3B /* Release */,
			);
			defaultConfigurationIsVisible = 0;
			defaultConfigurationName = Release;
		};
/* End XCConfigurationList section */
	};
	rootObject = 9096233A2060423100249D3B /* Project object */;
}
